
Microsoft Visual Studio Solution File, Format Version 12.00
# Visual Studio Version 17
VisualStudioVersion = 17.5.002.0
MinimumVisualStudioVersion = 10.0.40219.1
Project("{9A19103F-16F7-4668-BE54-9A1E7A4F7556}") = "TicTacToe", "src\TicTacToe.csproj", "{43CD1870-95D7-48F1-9181-8C70B14438AB}"
EndProject
Project("{9A19103F-16F7-4668-BE54-9A1E7A4F7556}") = "TicTacToe.Tests", "test\TicTacToe.Tests.csproj", "{C8D66A6C-57CE-403D-AFBA-AD2E4E322798}"
EndProject
Global
	GlobalSection(SolutionConfigurationPlatforms) = preSolution
		Debug|Any CPU = Debug|Any CPU
		Release|Any CPU = Release|Any CPU
	EndGlobalSection
	GlobalSection(ProjectConfigurationPlatforms) = postSolution
		{43CD1870-95D7-48F1-9181-8C70B14438AB}.Debug|Any CPU.ActiveCfg = Debug|Any CPU
		{43CD1870-95D7-48F1-9181-8C70B14438AB}.Debug|Any CPU.Build.0 = Debug|Any CPU
		{43CD1870-95D7-48F1-9181-8C70B14438AB}.Release|Any CPU.ActiveCfg = Release|Any CPU
		{43CD1870-95D7-48F1-9181-8C70B14438AB}.Release|Any CPU.Build.0 = Release|Any CPU
		{C8D66A6C-57CE-403D-AFBA-AD2E4E322798}.Debug|Any CPU.ActiveCfg = Debug|Any CPU
		{C8D66A6C-57CE-403D-AFBA-AD2E4E322798}.Debug|Any CPU.Build.0 = Debug|Any CPU
		{C8D66A6C-57CE-403D-AFBA-AD2E4E322798}.Release|Any CPU.ActiveCfg = Release|Any CPU
		{C8D66A6C-57CE-403D-AFBA-AD2E4E322798}.Release|Any CPU.Build.0 = Release|Any CPU
	EndGlobalSection
	GlobalSection(SolutionProperties) = preSolution
		HideSolutionNode = FALSE
	EndGlobalSection
	GlobalSection(ExtensibilityGlobals) = postSolution
		SolutionGuid = {762AAA04-5D8C-4C6F-BE45-3DC01EFC2EEB}
	EndGlobalSection
EndGlobal
